
Microsoft Visual Studio Solution File, Format Version 12.00
Project("{FAE04EC0-301F-11D3-BF4B-00C04F79EFBC}") = "FamilyBudget.Api", "FamilyBudget.Api\FamilyBudget.Api.csproj", "{B9F66116-B573-4FC7-B569-86F32F8AC3A7}"
EndProject
Project("{FAE04EC0-301F-11D3-BF4B-00C04F79EFBC}") = "FamilyBudget.Domain", "FamilyBudget.Domain\FamilyBudget.Domain.csproj", "{9E18C004-B65B-4051-A227-6761A76128FD}"
EndProject
Project("{FAE04EC0-301F-11D3-BF4B-00C04F79EFBC}") = "FamilyBudget.Application", "FamilyBudget.Application\FamilyBudget.Application.csproj", "{343FBFB6-8EA6-4DE4-9234-2D0E58A4EAE0}"
EndProject
Project("{FAE04EC0-301F-11D3-BF4B-00C04F79EFBC}") = "FamilyBudget.Infrastructure", "FamilyBudget.Infrastructure\FamilyBudget.Infrastructure.csproj", "{097CD244-1F59-41B6-9E85-B18E73759222}"
EndProject
Project("{2150E333-8FDC-42A3-9474-1A3956D46DE8}") = "tests", "tests", "{1267984C-2218-4C0D-88A9-A03966DD27BC}"
EndProject
Project("{FAE04EC0-301F-11D3-BF4B-00C04F79EFBC}") = "FamilyBudget.Domain.Tests", "FamilyBudget.Domain.Tests\FamilyBudget.Domain.Tests.csproj", "{B92EB694-FF41-4F81-8712-63CD4A2351F3}"
EndProject
Project("{FAE04EC0-301F-11D3-BF4B-00C04F79EFBC}") = "FamilyBudget.Api.Tests", "FamilyBudget.Api.Tests\FamilyBudget.Api.Tests.csproj", "{F748C2E6-4A27-4BF2-ABBA-066AFBBCDC7A}"
EndProject
Global
	GlobalSection(SolutionConfigurationPlatforms) = preSolution
		Debug|Any CPU = Debug|Any CPU
		Release|Any CPU = Release|Any CPU
	EndGlobalSection
	GlobalSection(ProjectConfigurationPlatforms) = postSolution
		{B9F66116-B573-4FC7-B569-86F32F8AC3A7}.Debug|Any CPU.ActiveCfg = Debug|Any CPU
		{B9F66116-B573-4FC7-B569-86F32F8AC3A7}.Debug|Any CPU.Build.0 = Debug|Any CPU
		{B9F66116-B573-4FC7-B569-86F32F8AC3A7}.Release|Any CPU.ActiveCfg = Release|Any CPU
		{B9F66116-B573-4FC7-B569-86F32F8AC3A7}.Release|Any CPU.Build.0 = Release|Any CPU
		{9E18C004-B65B-4051-A227-6761A76128FD}.Debug|Any CPU.ActiveCfg = Debug|Any CPU
		{9E18C004-B65B-4051-A227-6761A76128FD}.Debug|Any CPU.Build.0 = Debug|Any CPU
		{9E18C004-B65B-4051-A227-6761A76128FD}.Release|Any CPU.ActiveCfg = Release|Any CPU
		{9E18C004-B65B-4051-A227-6761A76128FD}.Release|Any CPU.Build.0 = Release|Any CPU
		{343FBFB6-8EA6-4DE4-9234-2D0E58A4EAE0}.Debug|Any CPU.ActiveCfg = Debug|Any CPU
		{343FBFB6-8EA6-4DE4-9234-2D0E58A4EAE0}.Debug|Any CPU.Build.0 = Debug|Any CPU
		{343FBFB6-8EA6-4DE4-9234-2D0E58A4EAE0}.Release|Any CPU.ActiveCfg = Release|Any CPU
		{343FBFB6-8EA6-4DE4-9234-2D0E58A4EAE0}.Release|Any CPU.Build.0 = Release|Any CPU
		{097CD244-1F59-41B6-9E85-B18E73759222}.Debug|Any CPU.ActiveCfg = Debug|Any CPU
		{097CD244-1F59-41B6-9E85-B18E73759222}.Debug|Any CPU.Build.0 = Debug|Any CPU
		{097CD244-1F59-41B6-9E85-B18E73759222}.Release|Any CPU.ActiveCfg = Release|Any CPU
		{097CD244-1F59-41B6-9E85-B18E73759222}.Release|Any CPU.Build.0 = Release|Any CPU
		{B92EB694-FF41-4F81-8712-63CD4A2351F3}.Debug|Any CPU.ActiveCfg = Debug|Any CPU
		{B92EB694-FF41-4F81-8712-63CD4A2351F3}.Debug|Any CPU.Build.0 = Debug|Any CPU
		{B92EB694-FF41-4F81-8712-63CD4A2351F3}.Release|Any CPU.ActiveCfg = Release|Any CPU
		{B92EB694-FF41-4F81-8712-63CD4A2351F3}.Release|Any CPU.Build.0 = Release|Any CPU
		{F748C2E6-4A27-4BF2-ABBA-066AFBBCDC7A}.Debug|Any CPU.ActiveCfg = Debug|Any CPU
		{F748C2E6-4A27-4BF2-ABBA-066AFBBCDC7A}.Debug|Any CPU.Build.0 = Debug|Any CPU
		{F748C2E6-4A27-4BF2-ABBA-066AFBBCDC7A}.Release|Any CPU.ActiveCfg = Release|Any CPU
		{F748C2E6-4A27-4BF2-ABBA-066AFBBCDC7A}.Release|Any CPU.Build.0 = Release|Any CPU
	EndGlobalSection
	GlobalSection(NestedProjects) = preSolution
		{B92EB694-FF41-4F81-8712-63CD4A2351F3} = {1267984C-2218-4C0D-88A9-A03966DD27BC}
		{F748C2E6-4A27-4BF2-ABBA-066AFBBCDC7A} = {1267984C-2218-4C0D-88A9-A03966DD27BC}
	EndGlobalSection
EndGlobal
